{
  "originHash" : "9c123a49db34301334d08e0911d3eaf2c7ce090840b68e3632938d464bb74736",
  "pins" : [
    {
      "identity" : "snapkit",
      "kind" : "remoteSourceControl",
      "location" : "https://github.com/SnapKit/SnapKit",
      "state" : {
        "revision" : "2842e6e84e82eb9a8dac0100ca90d9444b0307f4",
        "version" : "5.7.1"
      }
    },
    {
      "identity" : "viewstyleoptions",
      "kind" : "remoteSourceControl",
      "location" : "https://github.com/ibrahimTasdemir27/ViewStyleOptions",
      "state" : {
        "revision" : "88375e6f54c97cf173238d00a866c0575a4d52d9",
        "version" : "2.0.0"
      }
    }
  ],
  "version" : 3
}
